
Microsoft Visual Studio Solution File, Format Version 12.00
# Visual Studio Version 17
VisualStudioVersion = 17.7.34024.191
MinimumVisualStudioVersion = 10.0.40219.1
Project("{FAE04EC0-301F-11D3-BF4B-00C04F79EFBC}") = "MvcCV", "MvcCV\MvcCV.csproj", "{0C4E9482-023A-4285-AA3C-3BC4B0463728}"
EndProject
Global
	GlobalSection(SolutionConfigurationPlatforms) = preSolution
		Debug|Any CPU = Debug|Any CPU
		Release|Any CPU = Release|Any CPU
	EndGlobalSection
	GlobalSection(ProjectConfigurationPlatforms) = postSolution
		{0C4E9482-023A-4285-AA3C-3BC4B0463728}.Debug|Any CPU.ActiveCfg = Debug|Any CPU
		{0C4E9482-023A-4285-AA3C-3BC4B0463728}.Debug|Any CPU.Build.0 = Debug|Any CPU
		{0C4E9482-023A-4285-AA3C-3BC4B0463728}.Release|Any CPU.ActiveCfg = Release|Any CPU
		{0C4E9482-023A-4285-AA3C-3BC4B0463728}.Release|Any CPU.Build.0 = Release|Any CPU
	EndGlobalSection
	GlobalSection(SolutionProperties) = preSolution
		HideSolutionNode = FALSE
	EndGlobalSection
	GlobalSection(ExtensibilityGlobals) = postSolution
		SolutionGuid = {03360FA1-CDCE-4003-A086-7BD9D5A3A43F}
	EndGlobalSection
EndGlobal
